
Microsoft Visual Studio Solution File, Format Version 12.00
# Visual Studio Version 17
VisualStudioVersion = 17.7.34221.43
MinimumVisualStudioVersion = 10.0.40219.1
Project("{FAE04EC0-301F-11D3-BF4B-00C04F79EFBC}") = "mayormenor", "mayormenor\mayormenor.csproj", "{1F495054-2808-4C85-9DB2-22BE0A85073D}"
EndProject
Global
	GlobalSection(SolutionConfigurationPlatforms) = preSolution
		Debug|Any CPU = Debug|Any CPU
		Release|Any CPU = Release|Any CPU
	EndGlobalSection
	GlobalSection(ProjectConfigurationPlatforms) = postSolution
		{1F495054-2808-4C85-9DB2-22BE0A85073D}.Debug|Any CPU.ActiveCfg = Debug|Any CPU
		{1F495054-2808-4C85-9DB2-22BE0A85073D}.Debug|Any CPU.Build.0 = Debug|Any CPU
		{1F495054-2808-4C85-9DB2-22BE0A85073D}.Release|Any CPU.ActiveCfg = Release|Any CPU
		{1F495054-2808-4C85-9DB2-22BE0A85073D}.Release|Any CPU.Build.0 = Release|Any CPU
	EndGlobalSection
	GlobalSection(SolutionProperties) = preSolution
		HideSolutionNode = FALSE
	EndGlobalSection
	GlobalSection(ExtensibilityGlobals) = postSolution
		SolutionGuid = {980337C9-61BB-407A-B0E7-73655C144864}
	EndGlobalSection
EndGlobal
